
Microsoft Visual Studio Solution File, Format Version 12.00
# Visual Studio Version 17
VisualStudioVersion = 17.0.31903.59
MinimumVisualStudioVersion = 10.0.40219.1
Project("{2150E333-8FDC-42A3-9474-1A3956D46DE8}") = "src", "src", "{79F487C1-DC27-4D1F-9EBF-C28D8157BBE2}"
EndProject
Project("{FAE04EC0-301F-11D3-BF4B-00C04F79EFBC}") = "HUIT-RoMan.Domain", "src\Domain\HUIT-RoMan.Domain.csproj", "{5148AF57-A644-4A4B-BC6B-739FC0FA745F}"
EndProject
Project("{FAE04EC0-301F-11D3-BF4B-00C04F79EFBC}") = "HUIT-RoMan.Application", "src\Application\HUIT-RoMan.Application.csproj", "{6A589A74-6F17-485A-8E64-B871DF41AB52}"
EndProject
Project("{FAE04EC0-301F-11D3-BF4B-00C04F79EFBC}") = "HUIT-RoMan.Infrastructure", "src\Infrastructure\HUIT-RoMan.Infrastructure.csproj", "{4F83FCEC-972D-427E-9776-511D4C77F78B}"
EndProject
Project("{FAE04EC0-301F-11D3-BF4B-00C04F79EFBC}") = "HUIT-RoMan.API", "src\API\HUIT-RoMan.API.csproj", "{A76D9DE0-E946-434E-A350-E7EE52ABD4A3}"
EndProject
Global
	GlobalSection(SolutionConfigurationPlatforms) = preSolution
		Debug|Any CPU = Debug|Any CPU
		Release|Any CPU = Release|Any CPU
	EndGlobalSection
	GlobalSection(SolutionProperties) = preSolution
		HideSolutionNode = FALSE
	EndGlobalSection
	GlobalSection(ProjectConfigurationPlatforms) = postSolution
		{5148AF57-A644-4A4B-BC6B-739FC0FA745F}.Debug|Any CPU.ActiveCfg = Debug|Any CPU
		{5148AF57-A644-4A4B-BC6B-739FC0FA745F}.Debug|Any CPU.Build.0 = Debug|Any CPU
		{5148AF57-A644-4A4B-BC6B-739FC0FA745F}.Release|Any CPU.ActiveCfg = Release|Any CPU
		{5148AF57-A644-4A4B-BC6B-739FC0FA745F}.Release|Any CPU.Build.0 = Release|Any CPU
		{6A589A74-6F17-485A-8E64-B871DF41AB52}.Debug|Any CPU.ActiveCfg = Debug|Any CPU
		{6A589A74-6F17-485A-8E64-B871DF41AB52}.Debug|Any CPU.Build.0 = Debug|Any CPU
		{6A589A74-6F17-485A-8E64-B871DF41AB52}.Release|Any CPU.ActiveCfg = Release|Any CPU
		{6A589A74-6F17-485A-8E64-B871DF41AB52}.Release|Any CPU.Build.0 = Release|Any CPU
		{4F83FCEC-972D-427E-9776-511D4C77F78B}.Debug|Any CPU.ActiveCfg = Debug|Any CPU
		{4F83FCEC-972D-427E-9776-511D4C77F78B}.Debug|Any CPU.Build.0 = Debug|Any CPU
		{4F83FCEC-972D-427E-9776-511D4C77F78B}.Release|Any CPU.ActiveCfg = Release|Any CPU
		{4F83FCEC-972D-427E-9776-511D4C77F78B}.Release|Any CPU.Build.0 = Release|Any CPU
		{A76D9DE0-E946-434E-A350-E7EE52ABD4A3}.Debug|Any CPU.ActiveCfg = Debug|Any CPU
		{A76D9DE0-E946-434E-A350-E7EE52ABD4A3}.Debug|Any CPU.Build.0 = Debug|Any CPU
		{A76D9DE0-E946-434E-A350-E7EE52ABD4A3}.Release|Any CPU.ActiveCfg = Release|Any CPU
		{A76D9DE0-E946-434E-A350-E7EE52ABD4A3}.Release|Any CPU.Build.0 = Release|Any CPU
	EndGlobalSection
	GlobalSection(NestedProjects) = preSolution
		{5148AF57-A644-4A4B-BC6B-739FC0FA745F} = {79F487C1-DC27-4D1F-9EBF-C28D8157BBE2}
		{6A589A74-6F17-485A-8E64-B871DF41AB52} = {79F487C1-DC27-4D1F-9EBF-C28D8157BBE2}
		{4F83FCEC-972D-427E-9776-511D4C77F78B} = {79F487C1-DC27-4D1F-9EBF-C28D8157BBE2}
		{A76D9DE0-E946-434E-A350-E7EE52ABD4A3} = {79F487C1-DC27-4D1F-9EBF-C28D8157BBE2}
	EndGlobalSection
EndGlobal
